
Microsoft Visual Studio Solution File, Format Version 12.00
# Visual Studio Version 16
VisualStudioVersion = 16.0.31515.178
MinimumVisualStudioVersion = 10.0.40219.1
Project("{FAE04EC0-301F-11D3-BF4B-00C04F79EFBC}") = "TestCmd", "test\TestCmd\TestCmd.csproj", "{1837FD23-2925-464F-B1EA-4569C2FE2EEC}"
	ProjectSection(ProjectDependencies) = postProject
		{5B16641F-85E9-4C21-BDCA-AB81415CDCF2} = {5B16641F-85E9-4C21-BDCA-AB81415CDCF2}
	EndProjectSection
EndProject
Project("{FAE04EC0-301F-11D3-BF4B-00C04F79EFBC}") = "Geom.Library", "Libraryies\Geom.Library\Geom.Library.csproj", "{5B16641F-85E9-4C21-BDCA-AB81415CDCF2}"
EndProject
Global
	GlobalSection(SolutionConfigurationPlatforms) = preSolution
		Debug|Any CPU = Debug|Any CPU
		Release|Any CPU = Release|Any CPU
	EndGlobalSection
	GlobalSection(ProjectConfigurationPlatforms) = postSolution
		{1837FD23-2925-464F-B1EA-4569C2FE2EEC}.Debug|Any CPU.ActiveCfg = Debug|Any CPU
		{1837FD23-2925-464F-B1EA-4569C2FE2EEC}.Debug|Any CPU.Build.0 = Debug|Any CPU
		{1837FD23-2925-464F-B1EA-4569C2FE2EEC}.Release|Any CPU.ActiveCfg = Release|Any CPU
		{1837FD23-2925-464F-B1EA-4569C2FE2EEC}.Release|Any CPU.Build.0 = Release|Any CPU
		{5B16641F-85E9-4C21-BDCA-AB81415CDCF2}.Debug|Any CPU.ActiveCfg = Debug|Any CPU
		{5B16641F-85E9-4C21-BDCA-AB81415CDCF2}.Debug|Any CPU.Build.0 = Debug|Any CPU
		{5B16641F-85E9-4C21-BDCA-AB81415CDCF2}.Release|Any CPU.ActiveCfg = Release|Any CPU
		{5B16641F-85E9-4C21-BDCA-AB81415CDCF2}.Release|Any CPU.Build.0 = Release|Any CPU
	EndGlobalSection
	GlobalSection(SolutionProperties) = preSolution
		HideSolutionNode = FALSE
	EndGlobalSection
	GlobalSection(ExtensibilityGlobals) = postSolution
		SolutionGuid = {634F458D-BD41-4D2F-A0D4-2234F3025372}
	EndGlobalSection
EndGlobal
